
Microsoft Visual Studio Solution File, Format Version 12.00
# Visual Studio 15
VisualStudioVersion = 15.0.28307.757
MinimumVisualStudioVersion = 10.0.40219.1
Project("{FAE04EC0-301F-11D3-BF4B-00C04F79EFBC}") = "ResourceFileManager", "ResourceFileManager\ResourceFileManager.csproj", "{0FA14628-CE30-4D72-8168-D1C76BB6B6CC}"
EndProject
Project("{FAE04EC0-301F-11D3-BF4B-00C04F79EFBC}") = "Test", "Test\Test.csproj", "{71139AE3-F397-4231-84CA-E4BCEDD1E79D}"
EndProject
Global
	GlobalSection(SolutionConfigurationPlatforms) = preSolution
		Debug|Any CPU = Debug|Any CPU
		Release|Any CPU = Release|Any CPU
	EndGlobalSection
	GlobalSection(ProjectConfigurationPlatforms) = postSolution
		{0FA14628-CE30-4D72-8168-D1C76BB6B6CC}.Debug|Any CPU.ActiveCfg = Debug|Any CPU
		{0FA14628-CE30-4D72-8168-D1C76BB6B6CC}.Debug|Any CPU.Build.0 = Debug|Any CPU
		{0FA14628-CE30-4D72-8168-D1C76BB6B6CC}.Release|Any CPU.ActiveCfg = Release|Any CPU
		{0FA14628-CE30-4D72-8168-D1C76BB6B6CC}.Release|Any CPU.Build.0 = Release|Any CPU
		{71139AE3-F397-4231-84CA-E4BCEDD1E79D}.Debug|Any CPU.ActiveCfg = Debug|Any CPU
		{71139AE3-F397-4231-84CA-E4BCEDD1E79D}.Debug|Any CPU.Build.0 = Debug|Any CPU
		{71139AE3-F397-4231-84CA-E4BCEDD1E79D}.Release|Any CPU.ActiveCfg = Release|Any CPU
		{71139AE3-F397-4231-84CA-E4BCEDD1E79D}.Release|Any CPU.Build.0 = Release|Any CPU
	EndGlobalSection
	GlobalSection(SolutionProperties) = preSolution
		HideSolutionNode = FALSE
	EndGlobalSection
	GlobalSection(ExtensibilityGlobals) = postSolution
		SolutionGuid = {25F638F4-D282-4F3B-96B7-E2395C856D06}
	EndGlobalSection
EndGlobal
